
Microsoft Visual Studio Solution File, Format Version 12.00
# Visual Studio 15
VisualStudioVersion = 15.0.28307.168
MinimumVisualStudioVersion = 10.0.40219.1
Project("{888888A0-9F3D-457C-B088-3A5042F75D52}") = "AutoRepairParts", "AutoRepairParts\AutoRepairParts.pyproj", "{75CE90D4-7F33-4F34-B4E3-EBD0223E8079}"
EndProject
Global
	GlobalSection(SolutionConfigurationPlatforms) = preSolution
		Debug|Any CPU = Debug|Any CPU
		Release|Any CPU = Release|Any CPU
	EndGlobalSection
	GlobalSection(ProjectConfigurationPlatforms) = postSolution
		{75CE90D4-7F33-4F34-B4E3-EBD0223E8079}.Debug|Any CPU.ActiveCfg = Debug|Any CPU
		{75CE90D4-7F33-4F34-B4E3-EBD0223E8079}.Debug|Any CPU.Build.0 = Debug|Any CPU
		{75CE90D4-7F33-4F34-B4E3-EBD0223E8079}.Release|Any CPU.ActiveCfg = Release|Any CPU
		{75CE90D4-7F33-4F34-B4E3-EBD0223E8079}.Release|Any CPU.Build.0 = Release|Any CPU
	EndGlobalSection
	GlobalSection(SolutionProperties) = preSolution
		HideSolutionNode = FALSE
	EndGlobalSection
	GlobalSection(ExtensibilityGlobals) = postSolution
		SolutionGuid = {DCF7950F-CC0B-4BD4-93C5-397688F049E3}
	EndGlobalSection
EndGlobal
